
Microsoft Visual Studio Solution File, Format Version 12.00
# Visual Studio Version 17
VisualStudioVersion = 17.11.35327.3
MinimumVisualStudioVersion = 10.0.40219.1
Project("{FAE04EC0-301F-11D3-BF4B-00C04F79EFBC}") = "ExamenFinal", "ExamenFinal\ExamenFinal.csproj", "{92020539-C272-498B-8568-45ED5BC0DFCC}"
EndProject
Global
	GlobalSection(SolutionConfigurationPlatforms) = preSolution
		Debug|Any CPU = Debug|Any CPU
		Release|Any CPU = Release|Any CPU
	EndGlobalSection
	GlobalSection(ProjectConfigurationPlatforms) = postSolution
		{92020539-C272-498B-8568-45ED5BC0DFCC}.Debug|Any CPU.ActiveCfg = Debug|Any CPU
		{92020539-C272-498B-8568-45ED5BC0DFCC}.Debug|Any CPU.Build.0 = Debug|Any CPU
		{92020539-C272-498B-8568-45ED5BC0DFCC}.Release|Any CPU.ActiveCfg = Release|Any CPU
		{92020539-C272-498B-8568-45ED5BC0DFCC}.Release|Any CPU.Build.0 = Release|Any CPU
	EndGlobalSection
	GlobalSection(SolutionProperties) = preSolution
		HideSolutionNode = FALSE
	EndGlobalSection
	GlobalSection(ExtensibilityGlobals) = postSolution
		SolutionGuid = {DE702931-E9EE-41E9-BD79-A8E6F9BF763D}
	EndGlobalSection
EndGlobal
